Microsoft Visual Studio Solution File, Format Version 12.00
# Visual Studio 14
VisualStudioVersion = 14.0.24720.0
MinimumVisualStudioVersion = 10.0.40219.1
Project("{FAE04EC0-301F-11D3-BF4B-00C04F79EFBC}") = "TTVProxy", "TTVProxy.csproj", "{D68FB4A7-5F81-4E2D-AB21-9DD5E78404EB}"
EndProject
Project("{FAE04EC0-301F-11D3-BF4B-00C04F79EFBC}") = "TTVProxy_console", "..\TTVProxy_console\TTVProxy_console.csproj", "{B4DF7A24-F2B7-42E5-B74A-59F603E240DE}"
EndProject
Project("{FAE04EC0-301F-11D3-BF4B-00C04F79EFBC}") = "SimpleLogger", "..\SimpleLogger\SimpleLogger.csproj", "{3EDC27C2-3D8F-48DD-8C7A-A87C8735952A}"
EndProject
Project("{FAE04EC0-301F-11D3-BF4B-00C04F79EFBC}") = "CryptoLibrary", "..\CryptoLibrary\CryptoLibrary.csproj", "{54E516CA-8EA1-4C76-B16F-F780702360DD}"
EndProject
Global
	GlobalSection(SolutionConfigurationPlatforms) = preSolution
		Debug|Any CPU = Debug|Any CPU
		Release|Any CPU = Release|Any CPU
	EndGlobalSection
	GlobalSection(ProjectConfigurationPlatforms) = postSolution
		{D68FB4A7-5F81-4E2D-AB21-9DD5E78404EB}.Debug|Any CPU.ActiveCfg = Debug|Any CPU
		{D68FB4A7-5F81-4E2D-AB21-9DD5E78404EB}.Debug|Any CPU.Build.0 = Debug|Any CPU
		{D68FB4A7-5F81-4E2D-AB21-9DD5E78404EB}.Release|Any CPU.ActiveCfg = Release|Any CPU
		{D68FB4A7-5F81-4E2D-AB21-9DD5E78404EB}.Release|Any CPU.Build.0 = Release|Any CPU
		{B4DF7A24-F2B7-42E5-B74A-59F603E240DE}.Debug|Any CPU.ActiveCfg = Debug|Any CPU
		{B4DF7A24-F2B7-42E5-B74A-59F603E240DE}.Debug|Any CPU.Build.0 = Debug|Any CPU
		{B4DF7A24-F2B7-42E5-B74A-59F603E240DE}.Release|Any CPU.ActiveCfg = Release|Any CPU
		{B4DF7A24-F2B7-42E5-B74A-59F603E240DE}.Release|Any CPU.Build.0 = Release|Any CPU
		{3EDC27C2-3D8F-48DD-8C7A-A87C8735952A}.Debug|Any CPU.ActiveCfg = Debug|Any CPU
		{3EDC27C2-3D8F-48DD-8C7A-A87C8735952A}.Debug|Any CPU.Build.0 = Debug|Any CPU
		{3EDC27C2-3D8F-48DD-8C7A-A87C8735952A}.Release|Any CPU.ActiveCfg = Release|Any CPU
		{3EDC27C2-3D8F-48DD-8C7A-A87C8735952A}.Release|Any CPU.Build.0 = Release|Any CPU
		{54E516CA-8EA1-4C76-B16F-F780702360DD}.Debug|Any CPU.ActiveCfg = Debug|Any CPU
		{54E516CA-8EA1-4C76-B16F-F780702360DD}.Debug|Any CPU.Build.0 = Debug|Any CPU
		{54E516CA-8EA1-4C76-B16F-F780702360DD}.Release|Any CPU.ActiveCfg = Release|Any CPU
		{54E516CA-8EA1-4C76-B16F-F780702360DD}.Release|Any CPU.Build.0 = Release|Any CPU
	EndGlobalSection
	GlobalSection(SolutionProperties) = preSolution
		HideSolutionNode = FALSE
	EndGlobalSection
EndGlobal
